
Microsoft Visual Studio Solution File, Format Version 12.00
# Visual Studio 14
VisualStudioVersion = 14.0.24720.0
MinimumVisualStudioVersion = 10.0.40219.1
Project("{FAE04EC0-301F-11D3-BF4B-00C04F79EFBC}") = "GojimoChallenge.Android", "GojimoChallenge.Android\GojimoChallenge.Android.csproj", "{63B6E688-F226-4742-A271-48158F8DAFC9}"
EndProject
Project("{FAE04EC0-301F-11D3-BF4B-00C04F79EFBC}") = "GojimoChallenge.ViewModels", "GojimoChallenge.ViewModels\GojimoChallenge.ViewModels.csproj", "{4DC15076-BBDE-4B7F-8FD8-DC88A83088DC}"
EndProject
Project("{2150E333-8FDC-42A3-9474-1A3956D46DE8}") = "3. GojimoChallenge.UI", "3. GojimoChallenge.UI", "{D1216704-EA38-41D6-8900-14B00E7D45C7}"
EndProject
Project("{FAE04EC0-301F-11D3-BF4B-00C04F79EFBC}") = "GojimoChallenge.Contracts", "GojimoChallenge.Contracts\GojimoChallenge.Contracts.csproj", "{68F27986-470F-41B3-AE01-955D3B1A0545}"
EndProject
Project("{FAE04EC0-301F-11D3-BF4B-00C04F79EFBC}") = "GojimoChallenge.Models", "GojimoChallenge.Models\GojimoChallenge.Models.csproj", "{53EBEC87-5D91-4422-8A17-1A39186CEF7B}"
EndProject
Project("{2150E333-8FDC-42A3-9474-1A3956D46DE8}") = "1. GojimoChallenge.Services", "1. GojimoChallenge.Services", "{77AD5175-0D19-47E6-A9D9-FE9E9116025D}"
EndProject
Project("{FAE04EC0-301F-11D3-BF4B-00C04F79EFBC}") = "GojimoChallenge.Services.Implementation", "GojimoChallenge.Services.Implementation\GojimoChallenge.Services.Implementation.csproj", "{D6863E48-5947-451B-8DB4-E9B41FF621B1}"
EndProject
Project("{2150E333-8FDC-42A3-9474-1A3956D46DE8}") = "0. GojimoChallenge.Core", "0. GojimoChallenge.Core", "{42AFBF9E-E046-47C3-9DAB-C4C37F7523D2}"
EndProject
Project("{FAE04EC0-301F-11D3-BF4B-00C04F79EFBC}") = "GojimoChallenge.Services.Test", "GojimoChallenge.Services.Test\GojimoChallenge.Services.Test.csproj", "{329401E6-0A04-421C-A03F-2F3C410A2B09}"
EndProject
Project("{2150E333-8FDC-42A3-9474-1A3956D46DE8}") = "2. GojimoChallenge.DataServices", "2. GojimoChallenge.DataServices", "{423F2209-AF33-4492-BFD8-B7769F302BBA}"
EndProject
Project("{FAE04EC0-301F-11D3-BF4B-00C04F79EFBC}") = "GojimoChallenge.DataServices.Online.Implementation", "GojimoChallenge.DataServices.Implementation\GojimoChallenge.DataServices.Online.Implementation.csproj", "{9EA5EDF3-F201-4464-A2A0-6471FD1DE8E3}"
EndProject
Project("{FAE04EC0-301F-11D3-BF4B-00C04F79EFBC}") = "GojimoChallenge.DataServices.Online.Test", "GojimoChallenge.DataServices.Online.Test\GojimoChallenge.DataServices.Online.Test.csproj", "{4399FDAA-6835-45F8-BCE5-83650A19EB7A}"
EndProject
Project("{FAE04EC0-301F-11D3-BF4B-00C04F79EFBC}") = "GojimoChallenge.UWP", "GojimoChallenge.UWP\GojimoChallenge.UWP.csproj", "{2D8DA992-B646-408F-ABBB-347EF61C1247}"
EndProject
Global
	GlobalSection(SolutionConfigurationPlatforms) = preSolution
		Debug|Any CPU = Debug|Any CPU
		Debug|ARM = Debug|ARM
		Debug|x64 = Debug|x64
		Debug|x86 = Debug|x86
		Release|Any CPU = Release|Any CPU
		Release|ARM = Release|ARM
		Release|x64 = Release|x64
		Release|x86 = Release|x86
	EndGlobalSection
	GlobalSection(ProjectConfigurationPlatforms) = postSolution
		{63B6E688-F226-4742-A271-48158F8DAFC9}.Debug|Any CPU.ActiveCfg = Debug|Any CPU
		{63B6E688-F226-4742-A271-48158F8DAFC9}.Debug|Any CPU.Build.0 = Debug|Any CPU
		{63B6E688-F226-4742-A271-48158F8DAFC9}.Debug|Any CPU.Deploy.0 = Debug|Any CPU
		{63B6E688-F226-4742-A271-48158F8DAFC9}.Debug|ARM.ActiveCfg = Debug|Any CPU
		{63B6E688-F226-4742-A271-48158F8DAFC9}.Debug|ARM.Build.0 = Debug|Any CPU
		{63B6E688-F226-4742-A271-48158F8DAFC9}.Debug|ARM.Deploy.0 = Debug|Any CPU
		{63B6E688-F226-4742-A271-48158F8DAFC9}.Debug|x64.ActiveCfg = Debug|Any CPU
		{63B6E688-F226-4742-A271-48158F8DAFC9}.Debug|x64.Build.0 = Debug|Any CPU
		{63B6E688-F226-4742-A271-48158F8DAFC9}.Debug|x64.Deploy.0 = Debug|Any CPU
		{63B6E688-F226-4742-A271-48158F8DAFC9}.Debug|x86.ActiveCfg = Debug|Any CPU
		{63B6E688-F226-4742-A271-48158F8DAFC9}.Debug|x86.Build.0 = Debug|Any CPU
		{63B6E688-F226-4742-A271-48158F8DAFC9}.Debug|x86.Deploy.0 = Debug|Any CPU
		{63B6E688-F226-4742-A271-48158F8DAFC9}.Release|Any CPU.ActiveCfg = Release|Any CPU
		{63B6E688-F226-4742-A271-48158F8DAFC9}.Release|Any CPU.Build.0 = Release|Any CPU
		{63B6E688-F226-4742-A271-48158F8DAFC9}.Release|Any CPU.Deploy.0 = Release|Any CPU
		{63B6E688-F226-4742-A271-48158F8DAFC9}.Release|ARM.ActiveCfg = Release|Any CPU
		{63B6E688-F226-4742-A271-48158F8DAFC9}.Release|ARM.Build.0 = Release|Any CPU
		{63B6E688-F226-4742-A271-48158F8DAFC9}.Release|ARM.Deploy.0 = Release|Any CPU
		{63B6E688-F226-4742-A271-48158F8DAFC9}.Release|x64.ActiveCfg = Release|Any CPU
		{63B6E688-F226-4742-A271-48158F8DAFC9}.Release|x64.Build.0 = Release|Any CPU
		{63B6E688-F226-4742-A271-48158F8DAFC9}.Release|x64.Deploy.0 = Release|Any CPU
		{63B6E688-F226-4742-A271-48158F8DAFC9}.Release|x86.ActiveCfg = Release|Any CPU
		{63B6E688-F226-4742-A271-48158F8DAFC9}.Release|x86.Build.0 = Release|Any CPU
		{63B6E688-F226-4742-A271-48158F8DAFC9}.Release|x86.Deploy.0 = Release|Any CPU
		{4DC15076-BBDE-4B7F-8FD8-DC88A83088DC}.Debug|Any CPU.ActiveCfg = Debug|Any CPU
		{4DC15076-BBDE-4B7F-8FD8-DC88A83088DC}.Debug|Any CPU.Build.0 = Debug|Any CPU
		{4DC15076-BBDE-4B7F-8FD8-DC88A83088DC}.Debug|ARM.ActiveCfg = Debug|Any CPU
		{4DC15076-BBDE-4B7F-8FD8-DC88A83088DC}.Debug|ARM.Build.0 = Debug|Any CPU
		{4DC15076-BBDE-4B7F-8FD8-DC88A83088DC}.Debug|x64.ActiveCfg = Debug|Any CPU
		{4DC15076-BBDE-4B7F-8FD8-DC88A83088DC}.Debug|x64.Build.0 = Debug|Any CPU
		{4DC15076-BBDE-4B7F-8FD8-DC88A83088DC}.Debug|x86.ActiveCfg = Debug|Any CPU
		{4DC15076-BBDE-4B7F-8FD8-DC88A83088DC}.Debug|x86.Build.0 = Debug|Any CPU
		{4DC15076-BBDE-4B7F-8FD8-DC88A83088DC}.Release|Any CPU.ActiveCfg = Release|Any CPU
		{4DC15076-BBDE-4B7F-8FD8-DC88A83088DC}.Release|Any CPU.Build.0 = Release|Any CPU
		{4DC15076-BBDE-4B7F-8FD8-DC88A83088DC}.Release|ARM.ActiveCfg = Release|Any CPU
		{4DC15076-BBDE-4B7F-8FD8-DC88A83088DC}.Release|ARM.Build.0 = Release|Any CPU
		{4DC15076-BBDE-4B7F-8FD8-DC88A83088DC}.Release|x64.ActiveCfg = Release|Any CPU
		{4DC15076-BBDE-4B7F-8FD8-DC88A83088DC}.Release|x64.Build.0 = Release|Any CPU
		{4DC15076-BBDE-4B7F-8FD8-DC88A83088DC}.Release|x86.ActiveCfg = Release|Any CPU
		{4DC15076-BBDE-4B7F-8FD8-DC88A83088DC}.Release|x86.Build.0 = Release|Any CPU
		{68F27986-470F-41B3-AE01-955D3B1A0545}.Debug|Any CPU.ActiveCfg = Debug|Any CPU
		{68F27986-470F-41B3-AE01-955D3B1A0545}.Debug|Any CPU.Build.0 = Debug|Any CPU
		{68F27986-470F-41B3-AE01-955D3B1A0545}.Debug|ARM.ActiveCfg = Debug|Any CPU
		{68F27986-470F-41B3-AE01-955D3B1A0545}.Debug|ARM.Build.0 = Debug|Any CPU
		{68F27986-470F-41B3-AE01-955D3B1A0545}.Debug|x64.ActiveCfg = Debug|Any CPU
		{68F27986-470F-41B3-AE01-955D3B1A0545}.Debug|x64.Build.0 = Debug|Any CPU
		{68F27986-470F-41B3-AE01-955D3B1A0545}.Debug|x86.ActiveCfg = Debug|Any CPU
		{68F27986-470F-41B3-AE01-955D3B1A0545}.Debug|x86.Build.0 = Debug|Any CPU
		{68F27986-470F-41B3-AE01-955D3B1A0545}.Release|Any CPU.ActiveCfg = Release|Any CPU
		{68F27986-470F-41B3-AE01-955D3B1A0545}.Release|Any CPU.Build.0 = Release|Any CPU
		{68F27986-470F-41B3-AE01-955D3B1A0545}.Release|ARM.ActiveCfg = Release|Any CPU
		{68F27986-470F-41B3-AE01-955D3B1A0545}.Release|ARM.Build.0 = Release|Any CPU
		{68F27986-470F-41B3-AE01-955D3B1A0545}.Release|x64.ActiveCfg = Release|Any CPU
		{68F27986-470F-41B3-AE01-955D3B1A0545}.Release|x64.Build.0 = Release|Any CPU
		{68F27986-470F-41B3-AE01-955D3B1A0545}.Release|x86.ActiveCfg = Release|Any CPU
		{68F27986-470F-41B3-AE01-955D3B1A0545}.Release|x86.Build.0 = Release|Any CPU
		{53EBEC87-5D91-4422-8A17-1A39186CEF7B}.Debug|Any CPU.ActiveCfg = Debug|Any CPU
		{53EBEC87-5D91-4422-8A17-1A39186CEF7B}.Debug|Any CPU.Build.0 = Debug|Any CPU
		{53EBEC87-5D91-4422-8A17-1A39186CEF7B}.Debug|ARM.ActiveCfg = Debug|Any CPU
		{53EBEC87-5D91-4422-8A17-1A39186CEF7B}.Debug|ARM.Build.0 = Debug|Any CPU
		{53EBEC87-5D91-4422-8A17-1A39186CEF7B}.Debug|x64.ActiveCfg = Debug|Any CPU
		{53EBEC87-5D91-4422-8A17-1A39186CEF7B}.Debug|x64.Build.0 = Debug|Any CPU
		{53EBEC87-5D91-4422-8A17-1A39186CEF7B}.Debug|x86.ActiveCfg = Debug|Any CPU
		{53EBEC87-5D91-4422-8A17-1A39186CEF7B}.Debug|x86.Build.0 = Debug|Any CPU
		{53EBEC87-5D91-4422-8A17-1A39186CEF7B}.Release|Any CPU.ActiveCfg = Release|Any CPU
		{53EBEC87-5D91-4422-8A17-1A39186CEF7B}.Release|Any CPU.Build.0 = Release|Any CPU
		{53EBEC87-5D91-4422-8A17-1A39186CEF7B}.Release|ARM.ActiveCfg = Release|Any CPU
		{53EBEC87-5D91-4422-8A17-1A39186CEF7B}.Release|ARM.Build.0 = Release|Any CPU
		{53EBEC87-5D91-4422-8A17-1A39186CEF7B}.Release|x64.ActiveCfg = Release|Any CPU
		{53EBEC87-5D91-4422-8A17-1A39186CEF7B}.Release|x64.Build.0 = Release|Any CPU
		{53EBEC87-5D91-4422-8A17-1A39186CEF7B}.Release|x86.ActiveCfg = Release|Any CPU
		{53EBEC87-5D91-4422-8A17-1A39186CEF7B}.Release|x86.Build.0 = Release|Any CPU
		{D6863E48-5947-451B-8DB4-E9B41FF621B1}.Debug|Any CPU.ActiveCfg = Debug|Any CPU
		{D6863E48-5947-451B-8DB4-E9B41FF621B1}.Debug|Any CPU.Build.0 = Debug|Any CPU
		{D6863E48-5947-451B-8DB4-E9B41FF621B1}.Debug|ARM.ActiveCfg = Debug|Any CPU
		{D6863E48-5947-451B-8DB4-E9B41FF621B1}.Debug|ARM.Build.0 = Debug|Any CPU
		{D6863E48-5947-451B-8DB4-E9B41FF621B1}.Debug|x64.ActiveCfg = Debug|Any CPU
		{D6863E48-5947-451B-8DB4-E9B41FF621B1}.Debug|x64.Build.0 = Debug|Any CPU
		{D6863E48-5947-451B-8DB4-E9B41FF621B1}.Debug|x86.ActiveCfg = Debug|Any CPU
		{D6863E48-5947-451B-8DB4-E9B41FF621B1}.Debug|x86.Build.0 = Debug|Any CPU
		{D6863E48-5947-451B-8DB4-E9B41FF621B1}.Release|Any CPU.ActiveCfg = Release|Any CPU
		{D6863E48-5947-451B-8DB4-E9B41FF621B1}.Release|Any CPU.Build.0 = Release|Any CPU
		{D6863E48-5947-451B-8DB4-E9B41FF621B1}.Release|ARM.ActiveCfg = Release|Any CPU
		{D6863E48-5947-451B-8DB4-E9B41FF621B1}.Release|ARM.Build.0 = Release|Any CPU
		{D6863E48-5947-451B-8DB4-E9B41FF621B1}.Release|x64.ActiveCfg = Release|Any CPU
		{D6863E48-5947-451B-8DB4-E9B41FF621B1}.Release|x64.Build.0 = Release|Any CPU
		{D6863E48-5947-451B-8DB4-E9B41FF621B1}.Release|x86.ActiveCfg = Release|Any CPU
		{D6863E48-5947-451B-8DB4-E9B41FF621B1}.Release|x86.Build.0 = Release|Any CPU
		{329401E6-0A04-421C-A03F-2F3C410A2B09}.Debug|Any CPU.ActiveCfg = Debug|Any CPU
		{329401E6-0A04-421C-A03F-2F3C410A2B09}.Debug|Any CPU.Build.0 = Debug|Any CPU
		{329401E6-0A04-421C-A03F-2F3C410A2B09}.Debug|ARM.ActiveCfg = Debug|Any CPU
		{329401E6-0A04-421C-A03F-2F3C410A2B09}.Debug|ARM.Build.0 = Debug|Any CPU
		{329401E6-0A04-421C-A03F-2F3C410A2B09}.Debug|x64.ActiveCfg = Debug|Any CPU
		{329401E6-0A04-421C-A03F-2F3C410A2B09}.Debug|x64.Build.0 = Debug|Any CPU
		{329401E6-0A04-421C-A03F-2F3C410A2B09}.Debug|x86.ActiveCfg = Debug|Any CPU
		{329401E6-0A04-421C-A03F-2F3C410A2B09}.Debug|x86.Build.0 = Debug|Any CPU
		{329401E6-0A04-421C-A03F-2F3C410A2B09}.Release|Any CPU.ActiveCfg = Release|Any CPU
		{329401E6-0A04-421C-A03F-2F3C410A2B09}.Release|Any CPU.Build.0 = Release|Any CPU
		{329401E6-0A04-421C-A03F-2F3C410A2B09}.Release|ARM.ActiveCfg = Release|Any CPU
		{329401E6-0A04-421C-A03F-2F3C410A2B09}.Release|ARM.Build.0 = Release|Any CPU
		{329401E6-0A04-421C-A03F-2F3C410A2B09}.Release|x64.ActiveCfg = Release|Any CPU
		{329401E6-0A04-421C-A03F-2F3C410A2B09}.Release|x64.Build.0 = Release|Any CPU
		{329401E6-0A04-421C-A03F-2F3C410A2B09}.Release|x86.ActiveCfg = Release|Any CPU
		{329401E6-0A04-421C-A03F-2F3C410A2B09}.Release|x86.Build.0 = Release|Any CPU
		{9EA5EDF3-F201-4464-A2A0-6471FD1DE8E3}.Debug|Any CPU.ActiveCfg = Debug|Any CPU
		{9EA5EDF3-F201-4464-A2A0-6471FD1DE8E3}.Debug|Any CPU.Build.0 = Debug|Any CPU
		{9EA5EDF3-F201-4464-A2A0-6471FD1DE8E3}.Debug|ARM.ActiveCfg = Debug|Any CPU
		{9EA5EDF3-F201-4464-A2A0-6471FD1DE8E3}.Debug|ARM.Build.0 = Debug|Any CPU
		{9EA5EDF3-F201-4464-A2A0-6471FD1DE8E3}.Debug|x64.ActiveCfg = Debug|Any CPU
		{9EA5EDF3-F201-4464-A2A0-6471FD1DE8E3}.Debug|x64.Build.0 = Debug|Any CPU
		{9EA5EDF3-F201-4464-A2A0-6471FD1DE8E3}.Debug|x86.ActiveCfg = Debug|Any CPU
		{9EA5EDF3-F201-4464-A2A0-6471FD1DE8E3}.Debug|x86.Build.0 = Debug|Any CPU
		{9EA5EDF3-F201-4464-A2A0-6471FD1DE8E3}.Release|Any CPU.ActiveCfg = Release|Any CPU
		{9EA5EDF3-F201-4464-A2A0-6471FD1DE8E3}.Release|Any CPU.Build.0 = Release|Any CPU
		{9EA5EDF3-F201-4464-A2A0-6471FD1DE8E3}.Release|ARM.ActiveCfg = Release|Any CPU
		{9EA5EDF3-F201-4464-A2A0-6471FD1DE8E3}.Release|ARM.Build.0 = Release|Any CPU
		{9EA5EDF3-F201-4464-A2A0-6471FD1DE8E3}.Release|x64.ActiveCfg = Release|Any CPU
		{9EA5EDF3-F201-4464-A2A0-6471FD1DE8E3}.Release|x64.Build.0 = Release|Any CPU
		{9EA5EDF3-F201-4464-A2A0-6471FD1DE8E3}.Release|x86.ActiveCfg = Release|Any CPU
		{9EA5EDF3-F201-4464-A2A0-6471FD1DE8E3}.Release|x86.Build.0 = Release|Any CPU
		{4399FDAA-6835-45F8-BCE5-83650A19EB7A}.Debug|Any CPU.ActiveCfg = Debug|Any CPU
		{4399FDAA-6835-45F8-BCE5-83650A19EB7A}.Debug|Any CPU.Build.0 = Debug|Any CPU
		{4399FDAA-6835-45F8-BCE5-83650A19EB7A}.Debug|ARM.ActiveCfg = Debug|Any CPU
		{4399FDAA-6835-45F8-BCE5-83650A19EB7A}.Debug|ARM.Build.0 = Debug|Any CPU
		{4399FDAA-6835-45F8-BCE5-83650A19EB7A}.Debug|x64.ActiveCfg = Debug|Any CPU
		{4399FDAA-6835-45F8-BCE5-83650A19EB7A}.Debug|x64.Build.0 = Debug|Any CPU
		{4399FDAA-6835-45F8-BCE5-83650A19EB7A}.Debug|x86.ActiveCfg = Debug|Any CPU
		{4399FDAA-6835-45F8-BCE5-83650A19EB7A}.Debug|x86.Build.0 = Debug|Any CPU
		{4399FDAA-6835-45F8-BCE5-83650A19EB7A}.Release|Any CPU.ActiveCfg = Release|Any CPU
		{4399FDAA-6835-45F8-BCE5-83650A19EB7A}.Release|Any CPU.Build.0 = Release|Any CPU
		{4399FDAA-6835-45F8-BCE5-83650A19EB7A}.Release|ARM.ActiveCfg = Release|Any CPU
		{4399FDAA-6835-45F8-BCE5-83650A19EB7A}.Release|ARM.Build.0 = Release|Any CPU
		{4399FDAA-6835-45F8-BCE5-83650A19EB7A}.Release|x64.ActiveCfg = Release|Any CPU
		{4399FDAA-6835-45F8-BCE5-83650A19EB7A}.Release|x64.Build.0 = Release|Any CPU
		{4399FDAA-6835-45F8-BCE5-83650A19EB7A}.Release|x86.ActiveCfg = Release|Any CPU
		{4399FDAA-6835-45F8-BCE5-83650A19EB7A}.Release|x86.Build.0 = Release|Any CPU
		{2D8DA992-B646-408F-ABBB-347EF61C1247}.Debug|Any CPU.ActiveCfg = Debug|x86
		{2D8DA992-B646-408F-ABBB-347EF61C1247}.Debug|ARM.ActiveCfg = Debug|ARM
		{2D8DA992-B646-408F-ABBB-347EF61C1247}.Debug|ARM.Build.0 = Debug|ARM
		{2D8DA992-B646-408F-ABBB-347EF61C1247}.Debug|ARM.Deploy.0 = Debug|ARM
		{2D8DA992-B646-408F-ABBB-347EF61C1247}.Debug|x64.ActiveCfg = Debug|x64
		{2D8DA992-B646-408F-ABBB-347EF61C1247}.Debug|x64.Build.0 = Debug|x64
		{2D8DA992-B646-408F-ABBB-347EF61C1247}.Debug|x64.Deploy.0 = Debug|x64
		{2D8DA992-B646-408F-ABBB-347EF61C1247}.Debug|x86.ActiveCfg = Debug|x86
		{2D8DA992-B646-408F-ABBB-347EF61C1247}.Debug|x86.Build.0 = Debug|x86
		{2D8DA992-B646-408F-ABBB-347EF61C1247}.Debug|x86.Deploy.0 = Debug|x86
		{2D8DA992-B646-408F-ABBB-347EF61C1247}.Release|Any CPU.ActiveCfg = Release|x86
		{2D8DA992-B646-408F-ABBB-347EF61C1247}.Release|ARM.ActiveCfg = Release|ARM
		{2D8DA992-B646-408F-ABBB-347EF61C1247}.Release|ARM.Build.0 = Release|ARM
		{2D8DA992-B646-408F-ABBB-347EF61C1247}.Release|ARM.Deploy.0 = Release|ARM
		{2D8DA992-B646-408F-ABBB-347EF61C1247}.Release|x64.ActiveCfg = Release|x64
		{2D8DA992-B646-408F-ABBB-347EF61C1247}.Release|x64.Build.0 = Release|x64
		{2D8DA992-B646-408F-ABBB-347EF61C1247}.Release|x64.Deploy.0 = Release|x64
		{2D8DA992-B646-408F-ABBB-347EF61C1247}.Release|x86.ActiveCfg = Release|x86
		{2D8DA992-B646-408F-ABBB-347EF61C1247}.Release|x86.Build.0 = Release|x86
		{2D8DA992-B646-408F-ABBB-347EF61C1247}.Release|x86.Deploy.0 = Release|x86
	EndGlobalSection
	GlobalSection(SolutionProperties) = preSolution
		HideSolutionNode = FALSE
	EndGlobalSection
	GlobalSection(NestedProjects) = preSolution
		{63B6E688-F226-4742-A271-48158F8DAFC9} = {D1216704-EA38-41D6-8900-14B00E7D45C7}
		{4DC15076-BBDE-4B7F-8FD8-DC88A83088DC} = {42AFBF9E-E046-47C3-9DAB-C4C37F7523D2}
		{68F27986-470F-41B3-AE01-955D3B1A0545} = {42AFBF9E-E046-47C3-9DAB-C4C37F7523D2}
		{53EBEC87-5D91-4422-8A17-1A39186CEF7B} = {42AFBF9E-E046-47C3-9DAB-C4C37F7523D2}
		{D6863E48-5947-451B-8DB4-E9B41FF621B1} = {77AD5175-0D19-47E6-A9D9-FE9E9116025D}
		{329401E6-0A04-421C-A03F-2F3C410A2B09} = {77AD5175-0D19-47E6-A9D9-FE9E9116025D}
		{9EA5EDF3-F201-4464-A2A0-6471FD1DE8E3} = {423F2209-AF33-4492-BFD8-B7769F302BBA}
		{4399FDAA-6835-45F8-BCE5-83650A19EB7A} = {423F2209-AF33-4492-BFD8-B7769F302BBA}
		{2D8DA992-B646-408F-ABBB-347EF61C1247} = {D1216704-EA38-41D6-8900-14B00E7D45C7}
	EndGlobalSection
EndGlobal
